
Microsoft Visual Studio Solution File, Format Version 12.00
# Visual Studio 2012
Project("{2150E333-8FDC-42A3-9474-1A3956D46DE8}") = "01实体层", "01实体层", "{D7CF8312-09B4-4C4C-A0F8-B7F336D824E2}"
EndProject
Project("{2150E333-8FDC-42A3-9474-1A3956D46DE8}") = "02数据仓储层", "02数据仓储层", "{7072BADF-C213-443D-93E7-CD12DFFAA8C9}"
EndProject
Project("{2150E333-8FDC-42A3-9474-1A3956D46DE8}") = "03业务逻辑层", "03业务逻辑层", "{95626BAF-4380-4541-9116-C04F2A8A2DC6}"
EndProject
Project("{2150E333-8FDC-42A3-9474-1A3956D46DE8}") = "04公共层", "04公共层", "{779CBFC5-FF17-40EB-B46A-75C4D8556C2E}"
EndProject
Project("{2150E333-8FDC-42A3-9474-1A3956D46DE8}") = "05UI", "05UI", "{1B773F9B-ED37-4083-A7AB-9C0B867D6AE1}"
EndProject
Project("{FAE04EC0-301F-11D3-BF4B-00C04F79EFBC}") = "itcast.CRM15.Model", "itcast.CRM15.Model\itcast.CRM15.Model.csproj", "{DCA5BA6A-DE08-4BFA-B5B9-2D83E272F9A5}"
EndProject
Project("{FAE04EC0-301F-11D3-BF4B-00C04F79EFBC}") = "itcast.CRM15.Repository", "itcast.CRM15.Repository\itcast.CRM15.Repository.csproj", "{27B02A59-2E6E-4B3E-859B-4A096BF5AFCC}"
EndProject
Project("{FAE04EC0-301F-11D3-BF4B-00C04F79EFBC}") = "itcast.CRM15.IRepository", "itcast.CRM15.IRepository\itcast.CRM15.IRepository.csproj", "{8F119908-6DEA-4A44-90D3-A11C99133FC4}"
EndProject
Project("{FAE04EC0-301F-11D3-BF4B-00C04F79EFBC}") = "itcast.CRM15.IServices", "itcast.CRM15.IServices\itcast.CRM15.IServices.csproj", "{44F5D3B8-11DC-4903-8238-77C35D2698E3}"
EndProject
Project("{FAE04EC0-301F-11D3-BF4B-00C04F79EFBC}") = "itcast.CRM15.Services", "itcast.CRM15.Services\itcast.CRM15.Services.csproj", "{82E35A54-4DA2-493A-8948-97A70BEA6E6C}"
EndProject
Project("{FAE04EC0-301F-11D3-BF4B-00C04F79EFBC}") = "itcast.CRM15.Common", "itcast.CRM15.Common\itcast.CRM15.Common.csproj", "{A692D1BD-1F9F-4F8F-BE5A-6F085EEF53A5}"
EndProject
Project("{FAE04EC0-301F-11D3-BF4B-00C04F79EFBC}") = "itcast.CRM15.EntityMapping", "itcast.CRM15.EntityMapping\itcast.CRM15.EntityMapping.csproj", "{83B4EE36-413F-4908-AA7C-D6E9AFBEF3ED}"
EndProject
Project("{FAE04EC0-301F-11D3-BF4B-00C04F79EFBC}") = "itcast.CRM15.WebHelper", "itcast.CRM15.WebHelper\itcast.CRM15.WebHelper.csproj", "{C9FB84E2-0C41-49DA-AF3C-D92FEED2BF45}"
EndProject
Project("{FAE04EC0-301F-11D3-BF4B-00C04F79EFBC}") = "itcast.CRM15.Site", "itcast.CRM15.Site\itcast.CRM15.Site.csproj", "{4B7F6DB2-B300-42CE-BF24-E864D4E11B36}"
EndProject
Global
	GlobalSection(SubversionScc) = preSolution
		Svn-Managed = True
		Manager = AnkhSVN - Subversion Support for Visual Studio
	EndGlobalSection
	GlobalSection(SolutionConfigurationPlatforms) = preSolution
		Debug|Any CPU = Debug|Any CPU
		Release|Any CPU = Release|Any CPU
	EndGlobalSection
	GlobalSection(ProjectConfigurationPlatforms) = postSolution
		{DCA5BA6A-DE08-4BFA-B5B9-2D83E272F9A5}.Debug|Any CPU.ActiveCfg = Debug|Any CPU
		{DCA5BA6A-DE08-4BFA-B5B9-2D83E272F9A5}.Debug|Any CPU.Build.0 = Debug|Any CPU
		{DCA5BA6A-DE08-4BFA-B5B9-2D83E272F9A5}.Release|Any CPU.ActiveCfg = Release|Any CPU
		{DCA5BA6A-DE08-4BFA-B5B9-2D83E272F9A5}.Release|Any CPU.Build.0 = Release|Any CPU
		{27B02A59-2E6E-4B3E-859B-4A096BF5AFCC}.Debug|Any CPU.ActiveCfg = Debug|Any CPU
		{27B02A59-2E6E-4B3E-859B-4A096BF5AFCC}.Debug|Any CPU.Build.0 = Debug|Any CPU
		{27B02A59-2E6E-4B3E-859B-4A096BF5AFCC}.Release|Any CPU.ActiveCfg = Release|Any CPU
		{27B02A59-2E6E-4B3E-859B-4A096BF5AFCC}.Release|Any CPU.Build.0 = Release|Any CPU
		{8F119908-6DEA-4A44-90D3-A11C99133FC4}.Debug|Any CPU.ActiveCfg = Debug|Any CPU
		{8F119908-6DEA-4A44-90D3-A11C99133FC4}.Debug|Any CPU.Build.0 = Debug|Any CPU
		{8F119908-6DEA-4A44-90D3-A11C99133FC4}.Release|Any CPU.ActiveCfg = Release|Any CPU
		{8F119908-6DEA-4A44-90D3-A11C99133FC4}.Release|Any CPU.Build.0 = Release|Any CPU
		{44F5D3B8-11DC-4903-8238-77C35D2698E3}.Debug|Any CPU.ActiveCfg = Debug|Any CPU
		{44F5D3B8-11DC-4903-8238-77C35D2698E3}.Debug|Any CPU.Build.0 = Debug|Any CPU
		{44F5D3B8-11DC-4903-8238-77C35D2698E3}.Release|Any CPU.ActiveCfg = Release|Any CPU
		{44F5D3B8-11DC-4903-8238-77C35D2698E3}.Release|Any CPU.Build.0 = Release|Any CPU
		{82E35A54-4DA2-493A-8948-97A70BEA6E6C}.Debug|Any CPU.ActiveCfg = Debug|Any CPU
		{82E35A54-4DA2-493A-8948-97A70BEA6E6C}.Debug|Any CPU.Build.0 = Debug|Any CPU
		{82E35A54-4DA2-493A-8948-97A70BEA6E6C}.Release|Any CPU.ActiveCfg = Release|Any CPU
		{82E35A54-4DA2-493A-8948-97A70BEA6E6C}.Release|Any CPU.Build.0 = Release|Any CPU
		{A692D1BD-1F9F-4F8F-BE5A-6F085EEF53A5}.Debug|Any CPU.ActiveCfg = Debug|Any CPU
		{A692D1BD-1F9F-4F8F-BE5A-6F085EEF53A5}.Debug|Any CPU.Build.0 = Debug|Any CPU
		{A692D1BD-1F9F-4F8F-BE5A-6F085EEF53A5}.Release|Any CPU.ActiveCfg = Release|Any CPU
		{A692D1BD-1F9F-4F8F-BE5A-6F085EEF53A5}.Release|Any CPU.Build.0 = Release|Any CPU
		{83B4EE36-413F-4908-AA7C-D6E9AFBEF3ED}.Debug|Any CPU.ActiveCfg = Debug|Any CPU
		{83B4EE36-413F-4908-AA7C-D6E9AFBEF3ED}.Debug|Any CPU.Build.0 = Debug|Any CPU
		{83B4EE36-413F-4908-AA7C-D6E9AFBEF3ED}.Release|Any CPU.ActiveCfg = Release|Any CPU
		{83B4EE36-413F-4908-AA7C-D6E9AFBEF3ED}.Release|Any CPU.Build.0 = Release|Any CPU
		{C9FB84E2-0C41-49DA-AF3C-D92FEED2BF45}.Debug|Any CPU.ActiveCfg = Debug|Any CPU
		{C9FB84E2-0C41-49DA-AF3C-D92FEED2BF45}.Debug|Any CPU.Build.0 = Debug|Any CPU
		{C9FB84E2-0C41-49DA-AF3C-D92FEED2BF45}.Release|Any CPU.ActiveCfg = Release|Any CPU
		{C9FB84E2-0C41-49DA-AF3C-D92FEED2BF45}.Release|Any CPU.Build.0 = Release|Any CPU
		{4B7F6DB2-B300-42CE-BF24-E864D4E11B36}.Debug|Any CPU.ActiveCfg = Debug|Any CPU
		{4B7F6DB2-B300-42CE-BF24-E864D4E11B36}.Debug|Any CPU.Build.0 = Debug|Any CPU
		{4B7F6DB2-B300-42CE-BF24-E864D4E11B36}.Release|Any CPU.ActiveCfg = Release|Any CPU
		{4B7F6DB2-B300-42CE-BF24-E864D4E11B36}.Release|Any CPU.Build.0 = Release|Any CPU
	EndGlobalSection
	GlobalSection(SolutionProperties) = preSolution
		HideSolutionNode = FALSE
	EndGlobalSection
	GlobalSection(NestedProjects) = preSolution
		{DCA5BA6A-DE08-4BFA-B5B9-2D83E272F9A5} = {D7CF8312-09B4-4C4C-A0F8-B7F336D824E2}
		{27B02A59-2E6E-4B3E-859B-4A096BF5AFCC} = {7072BADF-C213-443D-93E7-CD12DFFAA8C9}
		{8F119908-6DEA-4A44-90D3-A11C99133FC4} = {7072BADF-C213-443D-93E7-CD12DFFAA8C9}
		{44F5D3B8-11DC-4903-8238-77C35D2698E3} = {95626BAF-4380-4541-9116-C04F2A8A2DC6}
		{82E35A54-4DA2-493A-8948-97A70BEA6E6C} = {95626BAF-4380-4541-9116-C04F2A8A2DC6}
		{A692D1BD-1F9F-4F8F-BE5A-6F085EEF53A5} = {779CBFC5-FF17-40EB-B46A-75C4D8556C2E}
		{83B4EE36-413F-4908-AA7C-D6E9AFBEF3ED} = {779CBFC5-FF17-40EB-B46A-75C4D8556C2E}
		{C9FB84E2-0C41-49DA-AF3C-D92FEED2BF45} = {1B773F9B-ED37-4083-A7AB-9C0B867D6AE1}
		{4B7F6DB2-B300-42CE-BF24-E864D4E11B36} = {1B773F9B-ED37-4083-A7AB-9C0B867D6AE1}
	EndGlobalSection
EndGlobal
